PODS:
  - Alamofire (5.6.4)
  - DVTFoundation (2.0.6)
  - DVTLoger (2.0.3):
    - Zip (~> 2.1.2)
  - DVTNetwork (2.0.3):
    - Alamofire (~> 5.6.0)
    - DVTLoger (~> 2.0.0)
  - DVTObjectMapper (14.0.0)
  - DVTScan (2.1.0):
    - DVTUIKit/Extension (~> 2.1.0)
  - DVTSecurity (2.0.1)
  - DVTUIKit (2.1.2):
    - DVTUIKit/Advanced (= 2.1.2)
    - DVTUIKit/Extension (= 2.1.2)
  - DVTUIKit/Advanced (2.1.2):
    - DVTUIKit/Advanced/Button (= 2.1.2)
    - DVTUIKit/Advanced/Collection (= 2.1.2)
    - DVTUIKit/Advanced/EmptyView (= 2.1.2)
    - DVTUIKit/Advanced/Label (= 2.1.2)
    - DVTUIKit/Advanced/Navigation (= 2.1.2)
    - DVTUIKit/Advanced/Progress (= 2.1.2)
    - DVTUIKit/Advanced/Public (= 2.1.2)
    - DVTUIKit/Advanced/TextField (= 2.1.2)
    - DVTUIKit/Advanced/TextView (= 2.1.2)
    - DVTUIKit/Advanced/Tips (= 2.1.2)
  - DVTUIKit/Advanced/Button (2.1.2):
    - DVTUIKit/Extension
  - DVTUIKit/Advanced/Collection (2.1.2):
    - DVTUIKit/Extension
  - DVTUIKit/Advanced/EmptyView (2.1.2):
    - DVTUIKit/Extension
  - DVTUIKit/Advanced/Label (2.1.2):
    - DVTUIKit/Extension
  - DVTUIKit/Advanced/Navigation (2.1.2):
    - DVTUIKit/Extension
  - DVTUIKit/Advanced/Progress (2.1.2):
    - DVTUIKit/Advanced/Public
    - DVTUIKit/Extension
  - DVTUIKit/Advanced/Public (2.1.2)
  - DVTUIKit/Advanced/TextField (2.1.2):
    - DVTUIKit/Extension
  - DVTUIKit/Advanced/TextView (2.1.2):
    - DVTUIKit/Extension
  - DVTUIKit/Advanced/Tips (2.1.2):
    - DVTUIKit/Advanced/Public
    - DVTUIKit/Extension
  - DVTUIKit/Extension (2.1.2):
    - DVTFoundation (~> 2.0.6)
    - DVTLoger
  - SnapKit (5.6.0)
  - Zip (2.1.2)

DEPENDENCIES:
  - DVTFoundation (from `../DVTFoundation`)
  - DVTLoger (from `../DVTLoger`)
  - DVTNetwork (from `../DVTNetwork`)
  - DVTObjectMapper (from `../DVTObjectMapper`)
  - DVTScan (from `../DVTScan`)
  - DVTSecurity (from `../DVTSecurity`)
  - DVTUIKit (from `../DVTUIKit`)
  - SnapKit

SPEC REPOS:
  trunk:
    - Alamofire
    - SnapKit
    - Zip

EXTERNAL SOURCES:
  DVTFoundation:
    :path: "../DVTFoundation"
  DVTLoger:
    :path: "../DVTLoger"
  DVTNetwork:
    :path: "../DVTNetwork"
  DVTObjectMapper:
    :path: "../DVTObjectMapper"
  DVTScan:
    :path: "../DVTScan"
  DVTSecurity:
    :path: "../DVTSecurity"
  DVTUIKit:
    :path: "../DVTUIKit"

SPEC CHECKSUMS:
  Alamofire: 4e95d97098eacb88856099c4fc79b526a299e48c
  DVTFoundation: 6002f0290037246089e18477c2867ec8c8d1a378
  DVTLoger: 8228829e5b8ca08c49bcfcbc5d0ba5500a5dcf06
  DVTNetwork: c7897a183b8cca27c74efbb7a35d6eb8edf02133
  DVTObjectMapper: 0eee5f062d02b246b338917cb4796fece539e8cc
  DVTScan: bbab396eef41833e3b8e38b7b08a805543cc8d18
  DVTSecurity: dc3556dfd93ad18fef1582d1a5595608449f7921
  DVTUIKit: 5115b344c79f6add355e505443ee0a622fc4ac4e
  SnapKit: e01d52ebb8ddbc333eefe2132acf85c8227d9c25
  Zip: b3fef584b147b6e582b2256a9815c897d60ddc67

PODFILE CHECKSUM: 0567bde6379291867bc66ee1c42d203674b99a9b

COCOAPODS: 1.11.3
