{
  "object": {
    "pins": [
      {
        "package": "Alamofire",
        "repositoryURL": "https://github.com/Alamofire/Alamofire.git",
        "state": {
          "branch": null,
          "revision": "f82c23a8a7ef8dc1a49a8bfc6a96883e79121864",
          "version": "5.5.0"
        }
      },
      {
        "package": "Zip",
        "repositoryURL": "https://github.com/marmelroy/Zip.git",
        "state": {
          "branch": null,
          "revision": "67fa55813b9e7b3b9acee9c0ae501def28746d76",
          "version": "2.1.2"
        }
      }
    ]
  },
  "version": 1
}
